
Microsoft Visual Studio Solution File, Format Version 12.00
Project("{FAE04EC0-301F-11D3-BF4B-00C04F79EFBC}") = "CNPJAlphanumericValidator", "CNPJAlphanumericValidator\CNPJAlphanumericValidator.csproj", "{245CA800-2646-4BA6-A975-80AECA61B65C}"
EndProject
Global
	GlobalSection(SolutionConfigurationPlatforms) = preSolution
		Debug|Any CPU = Debug|Any CPU
		Release|Any CPU = Release|Any CPU
	EndGlobalSection
	GlobalSection(ProjectConfigurationPlatforms) = postSolution
		{245CA800-2646-4BA6-A975-80AECA61B65C}.Debug|Any CPU.ActiveCfg = Debug|Any CPU
		{245CA800-2646-4BA6-A975-80AECA61B65C}.Debug|Any CPU.Build.0 = Debug|Any CPU
		{245CA800-2646-4BA6-A975-80AECA61B65C}.Release|Any CPU.ActiveCfg = Release|Any CPU
		{245CA800-2646-4BA6-A975-80AECA61B65C}.Release|Any CPU.Build.0 = Release|Any CPU
	EndGlobalSection
EndGlobal
